<?xml version="1.0" encoding="utf-8"?>
<Project ToolsVersion="4.0" xmlns="http://schemas.microsoft.com/developer/msbuild/2003">
  <ItemGroup>
    <Filter Include="Source Files">
      <UniqueIdentifier>{4FC737F1-C7A5-4376-A066-2A32D752A2FF}</UniqueIdentifier>
      <Extensions>cpp;c;cc;cxx;c++;def;odl;idl;hpj;bat;asm;asmx</Extensions>
    </Filter>
    <Filter Include="Header Files">
      <UniqueIdentifier>{93995380-89BD-4b04-88EB-625FBE52EBFB}</UniqueIdentifier>
      <Extensions>h;hh;hpp;hxx;h++;hm;inl;inc;ipp;xsd</Extensions>
    </Filter>
    <Filter Include="Resource Files">
      <UniqueIdentifier>{67DA6AB6-F800-4c08-8B7A-83BB121AAD01}</UniqueIdentifier>
      <Extensions>rc;ico;cur;bmp;dlg;rc2;rct;bin;rgs;gif;jpg;jpeg;jpe;resx;tiff;tif;png;wav;mfcribbon-ms</Extensions>
    </Filter>
  </ItemGroup>
  <ItemGroup>
    <ClCompile Include="src\Main.cpp">
      <Filter>Source Files</Filter>
    </ClCompile>
    <ClCompile Include="src\engine\camera\Camera3D.cpp">
      <Filter>Source Files</Filter>
    </ClCompile>
    <ClCompile Include="src\engine\graphics\buffers\Buffer.cpp">
      <Filter>Source Files</Filter>
    </ClCompile>
    <ClCompile Include="src\engine\graphics\buffers\DepthStencilBuffer.cpp">
      <Filter>Source Files</Filter>
    </ClCompile>
    <ClCompile Include="src\engine\graphics\buffers\IndexBuffer.cpp">
      <Filter>Source Files</Filter>
    </ClCompile>
    <ClCompile Include="src\engine\graphics\buffers\MSAABuffer.cpp">
      <Filter>Source Files</Filter>
    </ClCompile>
    <ClCompile Include="src\engine\graphics\buffers\UniformBuffer.cpp">
      <Filter>Source Files</Filter>
    </ClCompile>
    <ClCompile Include="src\engine\graphics\buffers\VertexBuffer.cpp">
      <Filter>Source Files</Filter>
    </ClCompile>
    <ClCompile Include="src\engine\graphics\pipeline\GraphicsPipeline.cpp">
      <Filter>Source Files</Filter>
    </ClCompile>
    <ClCompile Include="src\engine\graphics\pipeline\ShaderModule.cpp">
      <Filter>Source Files</Filter>
    </ClCompile>
    <ClCompile Include="src\engine\graphics\renderer\Renderer.cpp">
      <Filter>Source Files</Filter>
    </ClCompile>
    <ClCompile Include="src\engine\graphics\renderer\VulkanContext.cpp">
      <Filter>Source Files</Filter>
    </ClCompile>
    <ClCompile Include="src\engine\graphics\renderer\VulkanUtility.cpp">
      <Filter>Source Files</Filter>
    </ClCompile>
    <ClCompile Include="src\engine\graphics\renderer\VulkanValidationLayers.cpp">
      <Filter>Source Files</Filter>
    </ClCompile>
    <ClCompile Include="src\engine\graphics\texture\Cubemap.cpp">
      <Filter>Source Files</Filter>
    </ClCompile>
    <ClCompile Include="src\engine\graphics\texture\Sampler.cpp">
      <Filter>Source Files</Filter>
    </ClCompile>
    <ClCompile Include="src\engine\graphics\texture\Texture.cpp">
      <Filter>Source Files</Filter>
    </ClCompile>
    <ClCompile Include="src\engine\input\InputManager.cpp">
      <Filter>Source Files</Filter>
    </ClCompile>
    <ClCompile Include="src\engine\input\InputStates.cpp">
      <Filter>Source Files</Filter>
    </ClCompile>
    <ClCompile Include="src\engine\model\Cube.cpp">
      <Filter>Source Files</Filter>
    </ClCompile>
    <ClCompile Include="src\engine\model\Model.cpp">
      <Filter>Source Files</Filter>
    </ClCompile>
    <ClCompile Include="src\engine\scene\Scene.cpp">
      <Filter>Source Files</Filter>
    </ClCompile>
    <ClCompile Include="src\engine\utility\AssetManager.cpp">
      <Filter>Source Files</Filter>
    </ClCompile>
    <ClCompile Include="src\engine\utility\Config.cpp">
      <Filter>Source Files</Filter>
    </ClCompile>
    <ClCompile Include="src\engine\utility\SceneManager.cpp">
      <Filter>Source Files</Filter>
    </ClCompile>
    <ClCompile Include="src\engine\vendor\stb_image\STBImageImplementation.cpp">
      <Filter>Source Files</Filter>
    </ClCompile>
    <ClCompile Include="src\engine\vendor\tiny_obj_loader\TinyOBJLoaderImplementation.cpp">
      <Filter>Source Files</Filter>
    </ClCompile>
    <ClCompile Include="src\engine\vendor\vma\VMAImplementation.cpp">
      <Filter>Source Files</Filter>
    </ClCompile>
    <ClCompile Include="src\engine\window\Window.cpp">
      <Filter>Source Files</Filter>
    </ClCompile>
    <ClCompile Include="src\engine\Application.cpp">
      <Filter>Source Files</Filter>
    </ClCompile>
    <ClCompile Include="src\solar_system\celestial_objects\Moon.cpp">
      <Filter>Source Files</Filter>
    </ClCompile>
    <ClCompile Include="src\solar_system\celestial_objects\Planet.cpp">
      <Filter>Source Files</Filter>
    </ClCompile>
    <ClCompile Include="src\solar_system\celestial_objects\Rings.cpp">
      <Filter>Source Files</Filter>
    </ClCompile>
    <ClCompile Include="src\solar_system\celestial_objects\Sol.cpp">
      <Filter>Source Files</Filter>
    </ClCompile>
    <ClCompile Include="src\solar_system\Skybox.cpp">
      <Filter>Source Files</Filter>
    </ClCompile>
    <ClCompile Include="src\solar_system\SolarSystem.cpp">
      <Filter>Source Files</Filter>
    </ClCompile>
  </ItemGroup>
  <ItemGroup>
    <ClInclude Include="src\engine\camera\Camera3D.h">
      <Filter>Header Files</Filter>
    </ClInclude>
    <ClInclude Include="src\engine\graphics\buffers\Buffer.h">
      <Filter>Header Files</Filter>
    </ClInclude>
    <ClInclude Include="src\engine\graphics\buffers\DepthStencilBuffer.h">
      <Filter>Header Files</Filter>
    </ClInclude>
    <ClInclude Include="src\engine\graphics\buffers\IndexBuffer.h">
      <Filter>Header Files</Filter>
    </ClInclude>
    <ClInclude Include="src\engine\graphics\buffers\MSAABuffer.h">
      <Filter>Header Files</Filter>
    </ClInclude>
    <ClInclude Include="src\engine\graphics\buffers\UniformBuffer.h">
      <Filter>Header Files</Filter>
    </ClInclude>
    <ClInclude Include="src\engine\graphics\buffers\VertexBuffer.h">
      <Filter>Header Files</Filter>
    </ClInclude>
    <ClInclude Include="src\engine\graphics\pipeline\GraphicsPipeline.h">
      <Filter>Header Files</Filter>
    </ClInclude>
    <ClInclude Include="src\engine\graphics\pipeline\ShaderModule.h">
      <Filter>Header Files</Filter>
    </ClInclude>
    <ClInclude Include="src\engine\graphics\renderer\Renderer.h">
      <Filter>Header Files</Filter>
    </ClInclude>
    <ClInclude Include="src\engine\graphics\renderer\VulkanContext.h">
      <Filter>Header Files</Filter>
    </ClInclude>
    <ClInclude Include="src\engine\graphics\renderer\VulkanUtility.h">
      <Filter>Header Files</Filter>
    </ClInclude>
    <ClInclude Include="src\engine\graphics\renderer\VulkanValidationLayers.h">
      <Filter>Header Files</Filter>
    </ClInclude>
    <ClInclude Include="src\engine\graphics\texture\Cubemap.h">
      <Filter>Header Files</Filter>
    </ClInclude>
    <ClInclude Include="src\engine\graphics\texture\Sampler.h">
      <Filter>Header Files</Filter>
    </ClInclude>
    <ClInclude Include="src\engine\graphics\texture\Texture.h">
      <Filter>Header Files</Filter>
    </ClInclude>
    <ClInclude Include="src\engine\graphics\Uniform.h">
      <Filter>Header Files</Filter>
    </ClInclude>
    <ClInclude Include="src\engine\graphics\Vertex.h">
      <Filter>Header Files</Filter>
    </ClInclude>
    <ClInclude Include="src\engine\input\InputManager.h">
      <Filter>Header Files</Filter>
    </ClInclude>
    <ClInclude Include="src\engine\input\InputStates.h">
      <Filter>Header Files</Filter>
    </ClInclude>
    <ClInclude Include="src\engine\model\Cube.h">
      <Filter>Header Files</Filter>
    </ClInclude>
    <ClInclude Include="src\engine\model\Model.h">
      <Filter>Header Files</Filter>
    </ClInclude>
    <ClInclude Include="src\engine\scene\Scene.h">
      <Filter>Header Files</Filter>
    </ClInclude>
    <ClInclude Include="src\engine\utility\interfaces\INoncopyable.h">
      <Filter>Header Files</Filter>
    </ClInclude>
    <ClInclude Include="src\engine\utility\interfaces\INonmovable.h">
      <Filter>Header Files</Filter>
    </ClInclude>
    <ClInclude Include="src\engine\utility\AssetManager.h">
      <Filter>Header Files</Filter>
    </ClInclude>
    <ClInclude Include="src\engine\utility\Config.h">
      <Filter>Header Files</Filter>
    </ClInclude>
    <ClInclude Include="src\engine\utility\SceneManager.h">
      <Filter>Header Files</Filter>
    </ClInclude>
    <ClInclude Include="src\engine\window\Window.h">
      <Filter>Header Files</Filter>
    </ClInclude>
    <ClInclude Include="src\engine\Application.h">
      <Filter>Header Files</Filter>
    </ClInclude>
    <ClInclude Include="src\solar_system\celestial_objects\Moon.h">
      <Filter>Header Files</Filter>
    </ClInclude>
    <ClInclude Include="src\solar_system\celestial_objects\Planet.h">
      <Filter>Header Files</Filter>
    </ClInclude>
    <ClInclude Include="src\solar_system\celestial_objects\Rings.h">
      <Filter>Header Files</Filter>
    </ClInclude>
    <ClInclude Include="src\solar_system\celestial_objects\Sol.h">
      <Filter>Header Files</Filter>
    </ClInclude>
    <ClInclude Include="src\solar_system\Skybox.h">
      <Filter>Header Files</Filter>
    </ClInclude>
    <ClInclude Include="src\solar_system\SolarSystem.h">
      <Filter>Header Files</Filter>
    </ClInclude>
  </ItemGroup>
</Project>